
Microsoft Visual Studio Solution File, Format Version 12.00
Project("{FAE04EC0-301F-11D3-BF4B-00C04F79EFBC}") = "Memoria.Bloomtown", "Memoria.Bloomtown\Memoria.Bloomtown.csproj", "{81953FA5-C096-4738-850F-ADB54A5D5A9B}"
EndProject
Project("{9A19103F-16F7-4668-BE54-9A1E7A4F7556}") = "Memoria.CodeGenerator", "Memoria.CodeGenerator\Memoria.CodeGenerator.csproj", "{512C602C-6450-454C-A56C-590F4AA682D4}"
EndProject
Project("{FAE04EC0-301F-11D3-BF4B-00C04F79EFBC}") = "Memoria.MSBuild", "Memoria.MSBuild\Memoria.MSBuild.csproj", "{BFAE02E1-D9DD-413A-A3D1-D0A6F2B82B9E}"
EndProject
Project("{2150E333-8FDC-42A3-9474-1A3956D46DE8}") = "Files", "Files", "{58E5ED2B-3D70-4A3C-9448-93602824F1E3}"
	ProjectSection(SolutionItems) = preProject
		.gitignore = .gitignore
		Directory.Build.props = Directory.Build.props
		LICENSE = LICENSE
		README.md = README.md
	EndProjectSection
EndProject
Project("{FAE04EC0-301F-11D3-BF4B-00C04F79EFBC}") = "Memoria.Bloomtown.Utils", "Memoria.Bloomtown.Utils\Memoria.Bloomtown.Utils.csproj", "{BDEAD674-8433-442B-859F-0248B12F3D4B}"
EndProject
Global
	GlobalSection(SolutionConfigurationPlatforms) = preSolution
		MSBuild|Any CPU = MSBuild|Any CPU
		Steam|Any CPU = Steam|Any CPU
	EndGlobalSection
	GlobalSection(ProjectConfigurationPlatforms) = postSolution
		{81953FA5-C096-4738-850F-ADB54A5D5A9B}.Steam|Any CPU.ActiveCfg = Steam|Any CPU
		{81953FA5-C096-4738-850F-ADB54A5D5A9B}.Steam|Any CPU.Build.0 = Steam|Any CPU
		{512C602C-6450-454C-A56C-590F4AA682D4}.Steam|Any CPU.ActiveCfg = Release|Any CPU
		{512C602C-6450-454C-A56C-590F4AA682D4}.Steam|Any CPU.Build.0 = Release|Any CPU
		{BFAE02E1-D9DD-413A-A3D1-D0A6F2B82B9E}.Steam|Any CPU.ActiveCfg = Debug|Any CPU
		{BFAE02E1-D9DD-413A-A3D1-D0A6F2B82B9E}.MSBuild|Any CPU.ActiveCfg = Release|Any CPU
		{BFAE02E1-D9DD-413A-A3D1-D0A6F2B82B9E}.MSBuild|Any CPU.Build.0 = Release|Any CPU
		{BDEAD674-8433-442B-859F-0248B12F3D4B}.MSBuild|Any CPU.ActiveCfg = Debug|Any CPU
		{BDEAD674-8433-442B-859F-0248B12F3D4B}.MSBuild|Any CPU.Build.0 = Debug|Any CPU
		{BDEAD674-8433-442B-859F-0248B12F3D4B}.Steam|Any CPU.ActiveCfg = Debug|Any CPU
		{BDEAD674-8433-442B-859F-0248B12F3D4B}.Steam|Any CPU.Build.0 = Debug|Any CPU
	EndGlobalSection
EndGlobal
